// !$*UTF8*$!
{
	archiveVersion = 1;
	classes = {
	};
	objectVersion = 50;
	objects = {

/* Begin PBXBuildFile section */
		76AEF461C55FB9D57BA65637 /* libPods-CustomEdit.a in Frameworks */ = {isa = PBXBuildFile; fileRef = 6047D59D1862D0BC4CBA09DD /* libPods-CustomEdit.a */; };
		AF7F9470207F523E00D73A61 /* LaunchScreen.storyboard in Resources */ = {isa = PBXBuildFile; fileRef = AF7F945F207F523E00D73A61 /* LaunchScreen.storyboard */; };
		AF7F9471207F523E00D73A61 /* Main.storyboard in Resources */ = {isa = PBXBuildFile; fileRef = AF7F9461207F523E00D73A61 /* Main.storyboard */; };
		AF7F9472207F523E00D73A61 /* Assets.xcassets in Resources */ = {isa = PBXBuildFile; fileRef = AF7F9464207F523E00D73A61 /* Assets.xcassets */; };
		AF7F9474207F523E00D73A61 /* main.m in Sources */ = {isa = PBXBuildFile; fileRef = AF7F946B207F523E00D73A61 /* main.m */; };
		AF7F9475207F523E00D73A61 /* AppDelegate.m in Sources */ = {isa = PBXBuildFile; fileRef = AF7F946E207F523E00D73A61 /* AppDelegate.m */; };
		AF7F9482207F568C00D73A61 /* CARootViewController.m in Sources */ = {isa = PBXBuildFile; fileRef = AF7F947F207F568C00D73A61 /* CARootViewController.m */; };
		AF7F9485207F56C800D73A61 /* CARootView.m in Sources */ = {isa = PBXBuildFile; fileRef = AF7F9484207F56C800D73A61 /* CARootView.m */; };
		AF7F9489207F581800D73A61 /* CARootViewModel.m in Sources */ = {isa = PBXBuildFile; fileRef = AF7F9488207F581800D73A61 /* CARootViewModel.m */; };
		AF7F948D207F5D8000D73A61 /* CARootModel.m in Sources */ = {isa = PBXBuildFile; fileRef = AF7F948C207F5D8000D73A61 /* CARootModel.m */; };
		AF7F9491207F60AC00D73A61 /* CARootViewCell.m in Sources */ = {isa = PBXBuildFile; fileRef = AF7F9490207F60AC00D73A61 /* CARootViewCell.m */; };
/* End PBXBuildFile section */

/* Begin PBXFileReference section */
		2E7BAA2108009B2854C70EA2 /* Pods-CustomEdit.release.xcconfig */ = {isa = PBXFileReference; includeInIndex = 1; lastKnownFileType = text.xcconfig; name = "Pods-CustomEdit.release.xcconfig"; path = "Pods/Target Support Files/Pods-CustomEdit/Pods-CustomEdit.release.xcconfig"; sourceTree = "<group>"; };
		6047D59D1862D0BC4CBA09DD /* libPods-CustomEdit.a */ = {isa = PBXFileReference; explicitFileType = archive.ar; includeInIndex = 0; path = "libPods-CustomEdit.a"; sourceTree = BUILT_PRODUCTS_DIR; };
		6BD3CE0D744C1578B2732F0A /* Pods-CustomEdit.debug.xcconfig */ = {isa = PBXFileReference; includeInIndex = 1; lastKnownFileType = text.xcconfig; name = "Pods-CustomEdit.debug.xcconfig"; path = "Pods/Target Support Files/Pods-CustomEdit/Pods-CustomEdit.debug.xcconfig"; sourceTree = "<group>"; };
		AF7F9445207F51C200D73A61 /* CustomEdit.app */ = {isa = PBXFileReference; explicitFileType = wrapper.application; includeInIndex = 0; path = CustomEdit.app; sourceTree = BUILT_PRODUCTS_DIR; };
		AF7F9460207F523E00D73A61 /* Base */ = {isa = PBXFileReference; lastKnownFileType = file.storyboard; name = Base; path = Base.lproj/LaunchScreen.storyboard; sourceTree = "<group>"; };
		AF7F9462207F523E00D73A61 /* Base */ = {isa = PBXFileReference; lastKnownFileType = file.storyboard; name = Base; path = Base.lproj/Main.storyboard; sourceTree = "<group>"; };
		AF7F9464207F523E00D73A61 /* Assets.xcassets */ = {isa = PBXFileReference; lastKnownFileType = folder.assetcatalog; path = Assets.xcassets; sourceTree = "<group>"; };
		AF7F946B207F523E00D73A61 /* main.m */ = {isa = PBXFileReference; fileEncoding = 4; lastKnownFileType = sourcecode.c.objc; path = main.m; sourceTree = "<group>"; };
		AF7F946D207F523E00D73A61 /* AppDelegate.h */ = {isa = PBXFileReference; fileEncoding = 4; lastKnownFileType = sourcecode.c.h; path = AppDelegate.h; sourceTree = "<group>"; };
		AF7F946E207F523E00D73A61 /* AppDelegate.m */ = {isa = PBXFileReference; fileEncoding = 4; lastKnownFileType = sourcecode.c.objc; path = AppDelegate.m; sourceTree = "<group>"; };
		AF7F947C207F544500D73A61 /* Info.plist */ = {isa = PBXFileReference; fileEncoding = 4; lastKnownFileType = text.plist.xml; name = Info.plist; path = CustomEdit/Info.plist; sourceTree = SOURCE_ROOT; };
		AF7F947F207F568C00D73A61 /* CARootViewController.m */ = {isa = PBXFileReference; fileEncoding = 4; lastKnownFileType = sourcecode.c.objc; path = CARootViewController.m; sourceTree = "<group>"; };
		AF7F9480207F568C00D73A61 /* CARootViewController.h */ = {isa = PBXFileReference; fileEncoding = 4; lastKnownFileType = sourcecode.c.h; path = CARootViewController.h; sourceTree = "<group>"; };
		AF7F9483207F56C800D73A61 /* CARootView.h */ = {isa = PBXFileReference; lastKnownFileType = sourcecode.c.h; path = CARootView.h; sourceTree = "<group>"; };
		AF7F9484207F56C800D73A61 /* CARootView.m */ = {isa = PBXFileReference; lastKnownFileType = sourcecode.c.objc; path = CARootView.m; sourceTree = "<group>"; };
		AF7F9487207F581800D73A61 /* CARootViewModel.h */ = {isa = PBXFileReference; lastKnownFileType = sourcecode.c.h; path = CARootViewModel.h; sourceTree = "<group>"; };
		AF7F9488207F581800D73A61 /* CARootViewModel.m */ = {isa = PBXFileReference; lastKnownFileType = sourcecode.c.objc; path = CARootViewModel.m; sourceTree = "<group>"; };
		AF7F948B207F5D8000D73A61 /* CARootModel.h */ = {isa = PBXFileReference; lastKnownFileType = sourcecode.c.h; path = CARootModel.h; sourceTree = "<group>"; };
		AF7F948C207F5D8000D73A61 /* CARootModel.m */ = {isa = PBXFileReference; lastKnownFileType = sourcecode.c.objc; path = CARootModel.m; sourceTree = "<group>"; };
		AF7F948F207F60AC00D73A61 /* CARootViewCell.h */ = {isa = PBXFileReference; lastKnownFileType = sourcecode.c.h; path = CARootViewCell.h; sourceTree = "<group>"; };
		AF7F9490207F60AC00D73A61 /* CARootViewCell.m */ = {isa = PBXFileReference; lastKnownFileType = sourcecode.c.objc; path = CARootViewCell.m; sourceTree = "<group>"; };
/* End PBXFileReference section */

/* Begin PBXFrameworksBuildPhase section */
		AF7F9442207F51C200D73A61 /* Frameworks */ = {
			isa = PBXFrameworksBuildPhase;
			buildActionMask = 2147483647;
			files = (
				76AEF461C55FB9D57BA65637 /* libPods-CustomEdit.a in Frameworks */,
			);
			runOnlyForDeploymentPostprocessing = 0;
		};
/* End PBXFrameworksBuildPhase section */

/* Begin PBXGroup section */
		88FE14E5CC62BB2AC0832BF1 /* Frameworks */ = {
			isa = PBXGroup;
			children = (
				6047D59D1862D0BC4CBA09DD /* libPods-CustomEdit.a */,
			);
			name = Frameworks;
			sourceTree = "<group>";
		};
		AF7F943C207F51C200D73A61 = {
			isa = PBXGroup;
			children = (
				AF7F9447207F51C200D73A61 /* CustomEdit */,
				AF7F9446207F51C200D73A61 /* Products */,
				D214D8D42957934C4AA29FF1 /* Pods */,
				88FE14E5CC62BB2AC0832BF1 /* Frameworks */,
			);
			sourceTree = "<group>";
		};
		AF7F9446207F51C200D73A61 /* Products */ = {
			isa = PBXGroup;
			children = (
				AF7F9445207F51C200D73A61 /* CustomEdit.app */,
			);
			name = Products;
			sourceTree = "<group>";
		};
		AF7F9447207F51C200D73A61 /* CustomEdit */ = {
			isa = PBXGroup;
			children = (
				AF7F9465207F523E00D73A61 /* Units */,
				AF7F9466207F523E00D73A61 /* UI */,
				AF7F945E207F523E00D73A61 /* Resources */,
				AF7F946A207F523E00D73A61 /* SupportFiles */,
			);
			path = CustomEdit;
			sourceTree = "<group>";
		};
		AF7F945E207F523E00D73A61 /* Resources */ = {
			isa = PBXGroup;
			children = (
				AF7F945F207F523E00D73A61 /* LaunchScreen.storyboard */,
				AF7F9461207F523E00D73A61 /* Main.storyboard */,
				AF7F9463207F523E00D73A61 /* Image */,
			);
			path = Resources;
			sourceTree = "<group>";
		};
		AF7F9463207F523E00D73A61 /* Image */ = {
			isa = PBXGroup;
			children = (
				AF7F9464207F523E00D73A61 /* Assets.xcassets */,
			);
			path = Image;
			sourceTree = "<group>";
		};
		AF7F9465207F523E00D73A61 /* Units */ = {
			isa = PBXGroup;
			children = (
			);
			path = Units;
			sourceTree = "<group>";
		};
		AF7F9466207F523E00D73A61 /* UI */ = {
			isa = PBXGroup;
			children = (
				AF7F9467207F523E00D73A61 /* Root */,
			);
			path = UI;
			sourceTree = "<group>";
		};
		AF7F9467207F523E00D73A61 /* Root */ = {
			isa = PBXGroup;
			children = (
				AF7F948A207F5D7300D73A61 /* Model */,
				AF7F9481207F568C00D73A61 /* View */,
				AF7F9486207F580500D73A61 /* ViewModel */,
				AF7F947E207F568C00D73A61 /* ViewController */,
			);
			path = Root;
			sourceTree = "<group>";
		};
		AF7F946A207F523E00D73A61 /* SupportFiles */ = {
			isa = PBXGroup;
			children = (
				AF7F947C207F544500D73A61 /* Info.plist */,
				AF7F946B207F523E00D73A61 /* main.m */,
				AF7F946C207F523E00D73A61 /* AppDelegate */,
			);
			path = SupportFiles;
			sourceTree = "<group>";
		};
		AF7F946C207F523E00D73A61 /* AppDelegate */ = {
			isa = PBXGroup;
			children = (
				AF7F946D207F523E00D73A61 /* AppDelegate.h */,
				AF7F946E207F523E00D73A61 /* AppDelegate.m */,
			);
			path = AppDelegate;
			sourceTree = "<group>";
		};
		AF7F947E207F568C00D73A61 /* ViewController */ = {
			isa = PBXGroup;
			children = (
				AF7F9480207F568C00D73A61 /* CARootViewController.h */,
				AF7F947F207F568C00D73A61 /* CARootViewController.m */,
			);
			path = ViewController;
			sourceTree = "<group>";
		};
		AF7F9481207F568C00D73A61 /* View */ = {
			isa = PBXGroup;
			children = (
				AF7F948E207F609000D73A61 /* ViewCell */,
				AF7F9483207F56C800D73A61 /* CARootView.h */,
				AF7F9484207F56C800D73A61 /* CARootView.m */,
			);
			path = View;
			sourceTree = "<group>";
		};
		AF7F9486207F580500D73A61 /* ViewModel */ = {
			isa = PBXGroup;
			children = (
				AF7F9487207F581800D73A61 /* CARootViewModel.h */,
				AF7F9488207F581800D73A61 /* CARootViewModel.m */,
			);
			path = ViewModel;
			sourceTree = "<group>";
		};
		AF7F948A207F5D7300D73A61 /* Model */ = {
			isa = PBXGroup;
			children = (
				AF7F948B207F5D8000D73A61 /* CARootModel.h */,
				AF7F948C207F5D8000D73A61 /* CARootModel.m */,
			);
			path = Model;
			sourceTree = "<group>";
		};
		AF7F948E207F609000D73A61 /* ViewCell */ = {
			isa = PBXGroup;
			children = (
				AF7F948F207F60AC00D73A61 /* CARootViewCell.h */,
				AF7F9490207F60AC00D73A61 /* CARootViewCell.m */,
			);
			path = ViewCell;
			sourceTree = "<group>";
		};
		D214D8D42957934C4AA29FF1 /* Pods */ = {
			isa = PBXGroup;
			children = (
				6BD3CE0D744C1578B2732F0A /* Pods-CustomEdit.debug.xcconfig */,
				2E7BAA2108009B2854C70EA2 /* Pods-CustomEdit.release.xcconfig */,
			);
			name = Pods;
			sourceTree = "<group>";
		};
/* End PBXGroup section */

/* Begin PBXNativeTarget section */
		AF7F9444207F51C200D73A61 /* CustomEdit */ = {
			isa = PBXNativeTarget;
			buildConfigurationList = AF7F945B207F51C400D73A61 /* Build configuration list for PBXNativeTarget "CustomEdit" */;
			buildPhases = (
				6FB15352C71ACF303A3AA056 /* [CP] Check Pods Manifest.lock */,
				AF7F9441207F51C200D73A61 /* Sources */,
				AF7F9442207F51C200D73A61 /* Frameworks */,
				AF7F9443207F51C200D73A61 /* Resources */,
				C1B2D369045555F2C40318D5 /* [CP] Embed Pods Frameworks */,
				822251E9A77FF03E23341D81 /* [CP] Copy Pods Resources */,
			);
			buildRules = (
			);
			dependencies = (
			);
			name = CustomEdit;
			productName = CustomEdit;
			productReference = AF7F9445207F51C200D73A61 /* CustomEdit.app */;
			productType = "com.apple.product-type.application";
		};
/* End PBXNativeTarget section */

/* Begin PBXProject section */
		AF7F943D207F51C200D73A61 /* Project object */ = {
			isa = PBXProject;
			attributes = {
				LastUpgradeCheck = 0930;
				ORGANIZATIONNAME = CA;
				TargetAttributes = {
					AF7F9444207F51C200D73A61 = {
						CreatedOnToolsVersion = 9.3;
					};
				};
			};
			buildConfigurationList = AF7F9440207F51C200D73A61 /* Build configuration list for PBXProject "CustomEdit" */;
			compatibilityVersion = "Xcode 9.3";
			developmentRegion = en;
			hasScannedForEncodings = 0;
			knownRegions = (
				en,
				Base,
			);
			mainGroup = AF7F943C207F51C200D73A61;
			productRefGroup = AF7F9446207F51C200D73A61 /* Products */;
			projectDirPath = "";
			projectRoot = "";
			targets = (
				AF7F9444207F51C200D73A61 /* CustomEdit */,
			);
		};
/* End PBXProject section */

/* Begin PBXResourcesBuildPhase section */
		AF7F9443207F51C200D73A61 /* Resources */ = {
			isa = PBXResourcesBuildPhase;
			buildActionMask = 2147483647;
			files = (
				AF7F9470207F523E00D73A61 /* LaunchScreen.storyboard in Resources */,
				AF7F9472207F523E00D73A61 /* Assets.xcassets in Resources */,
				AF7F9471207F523E00D73A61 /* Main.storyboard in Resources */,
			);
			runOnlyForDeploymentPostprocessing = 0;
		};
/* End PBXResourcesBuildPhase section */

/* Begin PBXShellScriptBuildPhase section */
		6FB15352C71ACF303A3AA056 /* [CP] Check Pods Manifest.lock */ = {
			isa = PBXShellScriptBuildPhase;
			buildActionMask = 2147483647;
			files = (
			);
			inputPaths = (
				"${PODS_PODFILE_DIR_PATH}/Podfile.lock",
				"${PODS_ROOT}/Manifest.lock",
			);
			name = "[CP] Check Pods Manifest.lock";
			outputPaths = (
				"$(DERIVED_FILE_DIR)/Pods-CustomEdit-checkManifestLockResult.txt",
			);
			runOnlyForDeploymentPostprocessing = 0;
			shellPath = /bin/sh;
			shellScript = "diff \"${PODS_PODFILE_DIR_PATH}/Podfile.lock\" \"${PODS_ROOT}/Manifest.lock\" > /dev/null\nif [ $? != 0 ] ; then\n    # print error to STDERR\n    echo \"error: The sandbox is not in sync with the Podfile.lock. Run 'pod install' or update your CocoaPods installation.\" >&2\n    exit 1\nfi\n# This output is used by Xcode 'outputs' to avoid re-running this script phase.\necho \"SUCCESS\" > \"${SCRIPT_OUTPUT_FILE_0}\"\n";
			showEnvVarsInLog = 0;
		};
		822251E9A77FF03E23341D81 /* [CP] Copy Pods Resources */ = {
			isa = PBXShellScriptBuildPhase;
			buildActionMask = 2147483647;
			files = (
			);
			inputPaths = (
			);
			name = "[CP] Copy Pods Resources";
			outputPaths = (
			);
			runOnlyForDeploymentPostprocessing = 0;
			shellPath = /bin/sh;
			shellScript = "\"${SRCROOT}/Pods/Target Support Files/Pods-CustomEdit/Pods-CustomEdit-resources.sh\"\n";
			showEnvVarsInLog = 0;
		};
		C1B2D369045555F2C40318D5 /* [CP] Embed Pods Frameworks */ = {
			isa = PBXShellScriptBuildPhase;
			buildActionMask = 2147483647;
			files = (
			);
			inputPaths = (
			);
			name = "[CP] Embed Pods Frameworks";
			outputPaths = (
			);
			runOnlyForDeploymentPostprocessing = 0;
			shellPath = /bin/sh;
			shellScript = "\"${SRCROOT}/Pods/Target Support Files/Pods-CustomEdit/Pods-CustomEdit-frameworks.sh\"\n";
			showEnvVarsInLog = 0;
		};
/* End PBXShellScriptBuildPhase section */

/* Begin PBXSourcesBuildPhase section */
		AF7F9441207F51C200D73A61 /* Sources */ = {
			isa = PBXSourcesBuildPhase;
			buildActionMask = 2147483647;
			files = (
				AF7F9474207F523E00D73A61 /* main.m in Sources */,
				AF7F9491207F60AC00D73A61 /* CARootViewCell.m in Sources */,
				AF7F948D207F5D8000D73A61 /* CARootModel.m in Sources */,
				AF7F9482207F568C00D73A61 /* CARootViewController.m in Sources */,
				AF7F9489207F581800D73A61 /* CARootViewModel.m in Sources */,
				AF7F9485207F56C800D73A61 /* CARootView.m in Sources */,
				AF7F9475207F523E00D73A61 /* AppDelegate.m in Sources */,
			);
			runOnlyForDeploymentPostprocessing = 0;
		};
/* End PBXSourcesBuildPhase section */

/* Begin PBXVariantGroup section */
		AF7F945F207F523E00D73A61 /* LaunchScreen.storyboard */ = {
			isa = PBXVariantGroup;
			children = (
				AF7F9460207F523E00D73A61 /* Base */,
			);
			name = LaunchScreen.storyboard;
			sourceTree = "<group>";
		};
		AF7F9461207F523E00D73A61 /* Main.storyboard */ = {
			isa = PBXVariantGroup;
			children = (
				AF7F9462207F523E00D73A61 /* Base */,
			);
			name = Main.storyboard;
			sourceTree = "<group>";
		};
/* End PBXVariantGroup section */

/* Begin XCBuildConfiguration section */
		AF7F9459207F51C400D73A61 /* Debug */ = {
			isa = XCBuildConfiguration;
			buildSettings = {
				ALWAYS_SEARCH_USER_PATHS = NO;
				CLANG_ANALYZER_NONNULL = YES;
				CLANG_ANALYZER_NUMBER_OBJECT_CONVERSION = YES_AGGRESSIVE;
				CLANG_CXX_LANGUAGE_STANDARD = "gnu++14";
				CLANG_CXX_LIBRARY = "libc++";
				CLANG_ENABLE_MODULES = YES;
				CLANG_ENABLE_OBJC_ARC = YES;
				CLANG_ENABLE_OBJC_WEAK = YES;
				CLANG_WARN_BLOCK_CAPTURE_AUTORELEASING = YES;
				CLANG_WARN_BOOL_CONVERSION = YES;
				CLANG_WARN_COMMA = YES;
				CLANG_WARN_CONSTANT_CONVERSION = YES;
				CLANG_WARN_DEPRECATED_OBJC_IMPLEMENTATIONS = YES;
				CLANG_WARN_DIRECT_OBJC_ISA_USAGE = YES_ERROR;
				CLANG_WARN_DOCUMENTATION_COMMENTS = YES;
				CLANG_WARN_EMPTY_BODY = YES;
				CLANG_WARN_ENUM_CONVERSION = YES;
				CLANG_WARN_INFINITE_RECURSION = YES;
				CLANG_WARN_INT_CONVERSION = YES;
				CLANG_WARN_NON_LITERAL_NULL_CONVERSION = YES;
				CLANG_WARN_OBJC_IMPLICIT_RETAIN_SELF = YES;
				CLANG_WARN_OBJC_LITERAL_CONVERSION = YES;
				CLANG_WARN_OBJC_ROOT_CLASS = YES_ERROR;
				CLANG_WARN_RANGE_LOOP_ANALYSIS = YES;
				CLANG_WARN_STRICT_PROTOTYPES = YES;
				CLANG_WARN_SUSPICIOUS_MOVE = YES;
				CLANG_WARN_UNGUARDED_AVAILABILITY = YES_AGGRESSIVE;
				CLANG_WARN_UNREACHABLE_CODE = YES;
				CLANG_WARN__DUPLICATE_METHOD_MATCH = YES;
				CODE_SIGN_IDENTITY = "iPhone Developer";
				COPY_PHASE_STRIP = NO;
				DEBUG_INFORMATION_FORMAT = dwarf;
				ENABLE_STRICT_OBJC_MSGSEND = YES;
				ENABLE_TESTABILITY = YES;
				GCC_C_LANGUAGE_STANDARD = gnu11;
				GCC_DYNAMIC_NO_PIC = NO;
				GCC_NO_COMMON_BLOCKS = YES;
				GCC_OPTIMIZATION_LEVEL = 0;
				GCC_PREPROCESSOR_DEFINITIONS = (
					"DEBUG=1",
					"$(inherited)",
				);
				GCC_WARN_64_TO_32_BIT_CONVERSION = YES;
				GCC_WARN_ABOUT_RETURN_TYPE = YES_ERROR;
				GCC_WARN_UNDECLARED_SELECTOR = YES;
				GCC_WARN_UNINITIALIZED_AUTOS = YES_AGGRESSIVE;
				GCC_WARN_UNUSED_FUNCTION = YES;
				GCC_WARN_UNUSED_VARIABLE = YES;
				IPHONEOS_DEPLOYMENT_TARGET = 9.0;
				MTL_ENABLE_DEBUG_INFO = YES;
				ONLY_ACTIVE_ARCH = YES;
				SDKROOT = iphoneos;
			};
			name = Debug;
		};
		AF7F945A207F51C400D73A61 /* Release */ = {
			isa = XCBuildConfiguration;
			buildSettings = {
				ALWAYS_SEARCH_USER_PATHS = NO;
				CLANG_ANALYZER_NONNULL = YES;
				CLANG_ANALYZER_NUMBER_OBJECT_CONVERSION = YES_AGGRESSIVE;
				CLANG_CXX_LANGUAGE_STANDARD = "gnu++14";
				CLANG_CXX_LIBRARY = "libc++";
				CLANG_ENABLE_MODULES = YES;
				CLANG_ENABLE_OBJC_ARC = YES;
				CLANG_ENABLE_OBJC_WEAK = YES;
				CLANG_WARN_BLOCK_CAPTURE_AUTORELEASING = YES;
				CLANG_WARN_BOOL_CONVERSION = YES;
				CLANG_WARN_COMMA = YES;
				CLANG_WARN_CONSTANT_CONVERSION = YES;
				CLANG_WARN_DEPRECATED_OBJC_IMPLEMENTATIONS = YES;
				CLANG_WARN_DIRECT_OBJC_ISA_USAGE = YES_ERROR;
				CLANG_WARN_DOCUMENTATION_COMMENTS = YES;
				CLANG_WARN_EMPTY_BODY = YES;
				CLANG_WARN_ENUM_CONVERSION = YES;
				CLANG_WARN_INFINITE_RECURSION = YES;
				CLANG_WARN_INT_CONVERSION = YES;
				CLANG_WARN_NON_LITERAL_NULL_CONVERSION = YES;
				CLANG_WARN_OBJC_IMPLICIT_RETAIN_SELF = YES;
				CLANG_WARN_OBJC_LITERAL_CONVERSION = YES;
				CLANG_WARN_OBJC_ROOT_CLASS = YES_ERROR;
				CLANG_WARN_RANGE_LOOP_ANALYSIS = YES;
				CLANG_WARN_STRICT_PROTOTYPES = YES;
				CLANG_WARN_SUSPICIOUS_MOVE = YES;
				CLANG_WARN_UNGUARDED_AVAILABILITY = YES_AGGRESSIVE;
				CLANG_WARN_UNREACHABLE_CODE = YES;
				CLANG_WARN__DUPLICATE_METHOD_MATCH = YES;
				CODE_SIGN_IDENTITY = "iPhone Developer";
				COPY_PHASE_STRIP = NO;
				DEBUG_INFORMATION_FORMAT = "dwarf-with-dsym";
				ENABLE_NS_ASSERTIONS = NO;
				ENABLE_STRICT_OBJC_MSGSEND = YES;
				GCC_C_LANGUAGE_STANDARD = gnu11;
				GCC_NO_COMMON_BLOCKS = YES;
				GCC_WARN_64_TO_32_BIT_CONVERSION = YES;
				GCC_WARN_ABOUT_RETURN_TYPE = YES_ERROR;
				GCC_WARN_UNDECLARED_SELECTOR = YES;
				GCC_WARN_UNINITIALIZED_AUTOS = YES_AGGRESSIVE;
				GCC_WARN_UNUSED_FUNCTION = YES;
				GCC_WARN_UNUSED_VARIABLE = YES;
				IPHONEOS_DEPLOYMENT_TARGET = 9.0;
				MTL_ENABLE_DEBUG_INFO = NO;
				SDKROOT = iphoneos;
				VALIDATE_PRODUCT = YES;
			};
			name = Release;
		};
		AF7F945C207F51C400D73A61 /* Debug */ = {
			isa = XCBuildConfiguration;
			baseConfigurationReference = 6BD3CE0D744C1578B2732F0A /* Pods-CustomEdit.debug.xcconfig */;
			buildSettings = {
				ASSETCATALOG_COMPILER_APPICON_NAME = AppIcon;
				CODE_SIGN_STYLE = Automatic;
				DEVELOPMENT_TEAM = HPZ54FHKPA;
				INFOPLIST_FILE = CustomEdit/Info.plist;
				LD_RUNPATH_SEARCH_PATHS = (
					"$(inherited)",
					"@executable_path/Frameworks",
				);
				PRODUCT_BUNDLE_IDENTIFIER = com.MakingWheels.TableView.CustomEdit;
				PRODUCT_NAME = "$(TARGET_NAME)";
				TARGETED_DEVICE_FAMILY = "1,2";
			};
			name = Debug;
		};
		AF7F945D207F51C400D73A61 /* Release */ = {
			isa = XCBuildConfiguration;
			baseConfigurationReference = 2E7BAA2108009B2854C70EA2 /* Pods-CustomEdit.release.xcconfig */;
			buildSettings = {
				ASSETCATALOG_COMPILER_APPICON_NAME = AppIcon;
				CODE_SIGN_STYLE = Automatic;
				DEVELOPMENT_TEAM = HPZ54FHKPA;
				INFOPLIST_FILE = CustomEdit/Info.plist;
				LD_RUNPATH_SEARCH_PATHS = (
					"$(inherited)",
					"@executable_path/Frameworks",
				);
				PRODUCT_BUNDLE_IDENTIFIER = com.MakingWheels.TableView.CustomEdit;
				PRODUCT_NAME = "$(TARGET_NAME)";
				TARGETED_DEVICE_FAMILY = "1,2";
			};
			name = Release;
		};
/* End XCBuildConfiguration section */

/* Begin XCConfigurationList section */
		AF7F9440207F51C200D73A61 /* Build configuration list for PBXProject "CustomEdit" */ = {
			isa = XCConfigurationList;
			buildConfigurations = (
				AF7F9459207F51C400D73A61 /* Debug */,
				AF7F945A207F51C400D73A61 /* Release */,
			);
			defaultConfigurationIsVisible = 0;
			defaultConfigurationName = Release;
		};
		AF7F945B207F51C400D73A61 /* Build configuration list for PBXNativeTarget "CustomEdit" */ = {
			isa = XCConfigurationList;
			buildConfigurations = (
				AF7F945C207F51C400D73A61 /* Debug */,
				AF7F945D207F51C400D73A61 /* Release */,
			);
			defaultConfigurationIsVisible = 0;
			defaultConfigurationName = Release;
		};
/* End XCConfigurationList section */
	};
	rootObject = AF7F943D207F51C200D73A61 /* Project object */;
}
